// !$*UTF8*$!
{
	archiveVersion = 1;
	classes = {
	};
	objectVersion = 52;
	objects = {

/* Begin PBXBuildFile section */
		768C709625F6C26100F51C86 /* AppDelegate.swift in Sources */ = {isa = PBXBuildFile; fileRef = 768C709525F6C26100F51C86 /* AppDelegate.swift */; };
		768C709825F6C26100F51C86 /* SceneDelegate.swift in Sources */ = {isa = PBXBuildFile; fileRef = 768C709725F6C26100F51C86 /* SceneDelegate.swift */; };
		768C709A25F6C26100F51C86 /* MainViewController.swift in Sources */ = {isa = PBXBuildFile; fileRef = 768C709925F6C26100F51C86 /* MainViewController.swift */; };
		768C709D25F6C26100F51C86 /* Main.storyboard in Resources */ = {isa = PBXBuildFile; fileRef = 768C709B25F6C26100F51C86 /* Main.storyboard */; };
		768C709F25F6C26400F51C86 /* Assets.xcassets in Resources */ = {isa = PBXBuildFile; fileRef = 768C709E25F6C26400F51C86 /* Assets.xcassets */; };
		768C70A225F6C26400F51C86 /* LaunchScreen.storyboard in Resources */ = {isa = PBXBuildFile; fileRef = 768C70A025F6C26400F51C86 /* LaunchScreen.storyboard */; };
		768C70B525F6C59900F51C86 /* EmptyDataView in Frameworks */ = {isa = PBXBuildFile; productRef = 768C70B425F6C59900F51C86 /* EmptyDataView */; };
		768C70B925F6C6E800F51C86 /* Colors.swift in Sources */ = {isa = PBXBuildFile; fileRef = 768C70B825F6C6E700F51C86 /* Colors.swift */; };
/* End PBXBuildFile section */

/* Begin PBXFileReference section */
		768C709225F6C26100F51C86 /* EmptyDataView-Demo.app */ = {isa = PBXFileReference; explicitFileType = wrapper.application; includeInIndex = 0; path = "EmptyDataView-Demo.app"; sourceTree = BUILT_PRODUCTS_DIR; };
		768C709525F6C26100F51C86 /* AppDelegate.swift */ = {isa = PBXFileReference; lastKnownFileType = sourcecode.swift; path = AppDelegate.swift; sourceTree = "<group>"; };
		768C709725F6C26100F51C86 /* SceneDelegate.swift */ = {isa = PBXFileReference; lastKnownFileType = sourcecode.swift; path = SceneDelegate.swift; sourceTree = "<group>"; };
		768C709925F6C26100F51C86 /* MainViewController.swift */ = {isa = PBXFileReference; lastKnownFileType = sourcecode.swift; path = MainViewController.swift; sourceTree = "<group>"; };
		768C709C25F6C26100F51C86 /* Base */ = {isa = PBXFileReference; lastKnownFileType = file.storyboard; name = Base; path = Base.lproj/Main.storyboard; sourceTree = "<group>"; };
		768C709E25F6C26400F51C86 /* Assets.xcassets */ = {isa = PBXFileReference; lastKnownFileType = folder.assetcatalog; path = Assets.xcassets; sourceTree = "<group>"; };
		768C70A125F6C26400F51C86 /* Base */ = {isa = PBXFileReference; lastKnownFileType = file.storyboard; name = Base; path = Base.lproj/LaunchScreen.storyboard; sourceTree = "<group>"; };
		768C70A325F6C26400F51C86 /* Info.plist */ = {isa = PBXFileReference; lastKnownFileType = text.plist.xml; path = Info.plist; sourceTree = "<group>"; };
		768C70B125F6C31D00F51C86 /* EmptyDataView */ = {isa = PBXFileReference; lastKnownFileType = folder; path = EmptyDataView; sourceTree = "<group>"; };
		768C70B825F6C6E700F51C86 /* Colors.swift */ = {isa = PBXFileReference; lastKnownFileType = sourcecode.swift; path = Colors.swift; sourceTree = "<group>"; };
/* End PBXFileReference section */

/* Begin PBXFrameworksBuildPhase section */
		768C708F25F6C26100F51C86 /* Frameworks */ = {
			isa = PBXFrameworksBuildPhase;
			buildActionMask = 2147483647;
			files = (
				768C70B525F6C59900F51C86 /* EmptyDataView in Frameworks */,
			);
			runOnlyForDeploymentPostprocessing = 0;
		};
/* End PBXFrameworksBuildPhase section */

/* Begin PBXGroup section */
		768C708925F6C26100F51C86 = {
			isa = PBXGroup;
			children = (
				768C70B125F6C31D00F51C86 /* EmptyDataView */,
				768C709425F6C26100F51C86 /* EmptyDataView-Demo */,
				768C709325F6C26100F51C86 /* Products */,
				768C70B325F6C59900F51C86 /* Frameworks */,
			);
			sourceTree = "<group>";
		};
		768C709325F6C26100F51C86 /* Products */ = {
			isa = PBXGroup;
			children = (
				768C709225F6C26100F51C86 /* EmptyDataView-Demo.app */,
			);
			name = Products;
			sourceTree = "<group>";
		};
		768C709425F6C26100F51C86 /* EmptyDataView-Demo */ = {
			isa = PBXGroup;
			children = (
				768C70AC25F6C2A100F51C86 /* App Delegate */,
				768C70AF25F6C2F300F51C86 /* View Controllers */,
				768C70BB25F6C6ED00F51C86 /* Data Source */,
				768C709B25F6C26100F51C86 /* Main.storyboard */,
				768C709E25F6C26400F51C86 /* Assets.xcassets */,
				768C70A025F6C26400F51C86 /* LaunchScreen.storyboard */,
				768C70A325F6C26400F51C86 /* Info.plist */,
			);
			path = "EmptyDataView-Demo";
			sourceTree = "<group>";
		};
		768C70AC25F6C2A100F51C86 /* App Delegate */ = {
			isa = PBXGroup;
			children = (
				768C709525F6C26100F51C86 /* AppDelegate.swift */,
				768C709725F6C26100F51C86 /* SceneDelegate.swift */,
			);
			path = "App Delegate";
			sourceTree = "<group>";
		};
		768C70AF25F6C2F300F51C86 /* View Controllers */ = {
			isa = PBXGroup;
			children = (
				768C709925F6C26100F51C86 /* MainViewController.swift */,
			);
			path = "View Controllers";
			sourceTree = "<group>";
		};
		768C70B325F6C59900F51C86 /* Frameworks */ = {
			isa = PBXGroup;
			children = (
			);
			name = Frameworks;
			sourceTree = "<group>";
		};
		768C70BB25F6C6ED00F51C86 /* Data Source */ = {
			isa = PBXGroup;
			children = (
				768C70B825F6C6E700F51C86 /* Colors.swift */,
			);
			path = "Data Source";
			sourceTree = "<group>";
		};
/* End PBXGroup section */

/* Begin PBXNativeTarget section */
		768C709125F6C26100F51C86 /* EmptyDataView-Demo */ = {
			isa = PBXNativeTarget;
			buildConfigurationList = 768C70A625F6C26400F51C86 /* Build configuration list for PBXNativeTarget "EmptyDataView-Demo" */;
			buildPhases = (
				768C708E25F6C26100F51C86 /* Sources */,
				768C708F25F6C26100F51C86 /* Frameworks */,
				768C709025F6C26100F51C86 /* Resources */,
			);
			buildRules = (
			);
			dependencies = (
			);
			name = "EmptyDataView-Demo";
			packageProductDependencies = (
				768C70B425F6C59900F51C86 /* EmptyDataView */,
			);
			productName = "EmptyDataView-Demo";
			productReference = 768C709225F6C26100F51C86 /* EmptyDataView-Demo.app */;
			productType = "com.apple.product-type.application";
		};
/* End PBXNativeTarget section */

/* Begin PBXProject section */
		768C708A25F6C26100F51C86 /* Project object */ = {
			isa = PBXProject;
			attributes = {
				LastSwiftUpdateCheck = 1240;
				LastUpgradeCheck = 1240;
				TargetAttributes = {
					768C709125F6C26100F51C86 = {
						CreatedOnToolsVersion = 12.4;
					};
				};
			};
			buildConfigurationList = 768C708D25F6C26100F51C86 /* Build configuration list for PBXProject "EmptyDataView" */;
			compatibilityVersion = "Xcode 9.3";
			developmentRegion = en;
			hasScannedForEncodings = 0;
			knownRegions = (
				en,
				Base,
			);
			mainGroup = 768C708925F6C26100F51C86;
			productRefGroup = 768C709325F6C26100F51C86 /* Products */;
			projectDirPath = "";
			projectRoot = "";
			targets = (
				768C709125F6C26100F51C86 /* EmptyDataView-Demo */,
			);
		};
/* End PBXProject section */

/* Begin PBXResourcesBuildPhase section */
		768C709025F6C26100F51C86 /* Resources */ = {
			isa = PBXResourcesBuildPhase;
			buildActionMask = 2147483647;
			files = (
				768C70A225F6C26400F51C86 /* LaunchScreen.storyboard in Resources */,
				768C709F25F6C26400F51C86 /* Assets.xcassets in Resources */,
				768C709D25F6C26100F51C86 /* Main.storyboard in Resources */,
			);
			runOnlyForDeploymentPostprocessing = 0;
		};
/* End PBXResourcesBuildPhase section */

/* Begin PBXSourcesBuildPhase section */
		768C708E25F6C26100F51C86 /* Sources */ = {
			isa = PBXSourcesBuildPhase;
			buildActionMask = 2147483647;
			files = (
				768C709A25F6C26100F51C86 /* MainViewController.swift in Sources */,
				768C70B925F6C6E800F51C86 /* Colors.swift in Sources */,
				768C709625F6C26100F51C86 /* AppDelegate.swift in Sources */,
				768C709825F6C26100F51C86 /* SceneDelegate.swift in Sources */,
			);
			runOnlyForDeploymentPostprocessing = 0;
		};
/* End PBXSourcesBuildPhase section */

/* Begin PBXVariantGroup section */
		768C709B25F6C26100F51C86 /* Main.storyboard */ = {
			isa = PBXVariantGroup;
			children = (
				768C709C25F6C26100F51C86 /* Base */,
			);
			name = Main.storyboard;
			sourceTree = "<group>";
		};
		768C70A025F6C26400F51C86 /* LaunchScreen.storyboard */ = {
			isa = PBXVariantGroup;
			children = (
				768C70A125F6C26400F51C86 /* Base */,
			);
			name = LaunchScreen.storyboard;
			sourceTree = "<group>";
		};
/* End PBXVariantGroup section */

/* Begin XCBuildConfiguration section */
		768C70A425F6C26400F51C86 /* Debug */ = {
			isa = XCBuildConfiguration;
			buildSettings = {
				ALWAYS_SEARCH_USER_PATHS = NO;
				CLANG_ANALYZER_NONNULL = YES;
				CLANG_ANALYZER_NUMBER_OBJECT_CONVERSION = YES_AGGRESSIVE;
				CLANG_CXX_LANGUAGE_STANDARD = "gnu++14";
				CLANG_CXX_LIBRARY = "libc++";
				CLANG_ENABLE_MODULES = YES;
				CLANG_ENABLE_OBJC_ARC = YES;
				CLANG_ENABLE_OBJC_WEAK = YES;
				CLANG_WARN_BLOCK_CAPTURE_AUTORELEASING = YES;
				CLANG_WARN_BOOL_CONVERSION = YES;
				CLANG_WARN_COMMA = YES;
				CLANG_WARN_CONSTANT_CONVERSION = YES;
				CLANG_WARN_DEPRECATED_OBJC_IMPLEMENTATIONS = YES;
				CLANG_WARN_DIRECT_OBJC_ISA_USAGE = YES_ERROR;
				CLANG_WARN_DOCUMENTATION_COMMENTS = YES;
				CLANG_WARN_EMPTY_BODY = YES;
				CLANG_WARN_ENUM_CONVERSION = YES;
				CLANG_WARN_INFINITE_RECURSION = YES;
				CLANG_WARN_INT_CONVERSION = YES;
				CLANG_WARN_NON_LITERAL_NULL_CONVERSION = YES;
				CLANG_WARN_OBJC_IMPLICIT_RETAIN_SELF = YES;
				CLANG_WARN_OBJC_LITERAL_CONVERSION = YES;
				CLANG_WARN_OBJC_ROOT_CLASS = YES_ERROR;
				CLANG_WARN_QUOTED_INCLUDE_IN_FRAMEWORK_HEADER = YES;
				CLANG_WARN_RANGE_LOOP_ANALYSIS = YES;
				CLANG_WARN_STRICT_PROTOTYPES = YES;
				CLANG_WARN_SUSPICIOUS_MOVE = YES;
				CLANG_WARN_UNGUARDED_AVAILABILITY = YES_AGGRESSIVE;
				CLANG_WARN_UNREACHABLE_CODE = YES;
				CLANG_WARN__DUPLICATE_METHOD_MATCH = YES;
				COPY_PHASE_STRIP = NO;
				DEBUG_INFORMATION_FORMAT = dwarf;
				ENABLE_STRICT_OBJC_MSGSEND = YES;
				ENABLE_TESTABILITY = YES;
				GCC_C_LANGUAGE_STANDARD = gnu11;
				GCC_DYNAMIC_NO_PIC = NO;
				GCC_NO_COMMON_BLOCKS = YES;
				GCC_OPTIMIZATION_LEVEL = 0;
				GCC_PREPROCESSOR_DEFINITIONS = (
					"DEBUG=1",
					"$(inherited)",
				);
				GCC_WARN_64_TO_32_BIT_CONVERSION = YES;
				GCC_WARN_ABOUT_RETURN_TYPE = YES_ERROR;
				GCC_WARN_UNDECLARED_SELECTOR = YES;
				GCC_WARN_UNINITIALIZED_AUTOS = YES_AGGRESSIVE;
				GCC_WARN_UNUSED_FUNCTION = YES;
				GCC_WARN_UNUSED_VARIABLE = YES;
				IPHONEOS_DEPLOYMENT_TARGET = 14.4;
				MTL_ENABLE_DEBUG_INFO = INCLUDE_SOURCE;
				MTL_FAST_MATH = YES;
				ONLY_ACTIVE_ARCH = YES;
				SDKROOT = iphoneos;
				SWIFT_ACTIVE_COMPILATION_CONDITIONS = DEBUG;
				SWIFT_OPTIMIZATION_LEVEL = "-Onone";
			};
			name = Debug;
		};
		768C70A525F6C26400F51C86 /* Release */ = {
			isa = XCBuildConfiguration;
			buildSettings = {
				ALWAYS_SEARCH_USER_PATHS = NO;
				CLANG_ANALYZER_NONNULL = YES;
				CLANG_ANALYZER_NUMBER_OBJECT_CONVERSION = YES_AGGRESSIVE;
				CLANG_CXX_LANGUAGE_STANDARD = "gnu++14";
				CLANG_CXX_LIBRARY = "libc++";
				CLANG_ENABLE_MODULES = YES;
				CLANG_ENABLE_OBJC_ARC = YES;
				CLANG_ENABLE_OBJC_WEAK = YES;
				CLANG_WARN_BLOCK_CAPTURE_AUTORELEASING = YES;
				CLANG_WARN_BOOL_CONVERSION = YES;
				CLANG_WARN_COMMA = YES;
				CLANG_WARN_CONSTANT_CONVERSION = YES;
				CLANG_WARN_DEPRECATED_OBJC_IMPLEMENTATIONS = YES;
				CLANG_WARN_DIRECT_OBJC_ISA_USAGE = YES_ERROR;
				CLANG_WARN_DOCUMENTATION_COMMENTS = YES;
				CLANG_WARN_EMPTY_BODY = YES;
				CLANG_WARN_ENUM_CONVERSION = YES;
				CLANG_WARN_INFINITE_RECURSION = YES;
				CLANG_WARN_INT_CONVERSION = YES;
				CLANG_WARN_NON_LITERAL_NULL_CONVERSION = YES;
				CLANG_WARN_OBJC_IMPLICIT_RETAIN_SELF = YES;
				CLANG_WARN_OBJC_LITERAL_CONVERSION = YES;
				CLANG_WARN_OBJC_ROOT_CLASS = YES_ERROR;
				CLANG_WARN_QUOTED_INCLUDE_IN_FRAMEWORK_HEADER = YES;
				CLANG_WARN_RANGE_LOOP_ANALYSIS = YES;
				CLANG_WARN_STRICT_PROTOTYPES = YES;
				CLANG_WARN_SUSPICIOUS_MOVE = YES;
				CLANG_WARN_UNGUARDED_AVAILABILITY = YES_AGGRESSIVE;
				CLANG_WARN_UNREACHABLE_CODE = YES;
				CLANG_WARN__DUPLICATE_METHOD_MATCH = YES;
				COPY_PHASE_STRIP = NO;
				DEBUG_INFORMATION_FORMAT = "dwarf-with-dsym";
				ENABLE_NS_ASSERTIONS = NO;
				ENABLE_STRICT_OBJC_MSGSEND = YES;
				GCC_C_LANGUAGE_STANDARD = gnu11;
				GCC_NO_COMMON_BLOCKS = YES;
				GCC_WARN_64_TO_32_BIT_CONVERSION = YES;
				GCC_WARN_ABOUT_RETURN_TYPE = YES_ERROR;
				GCC_WARN_UNDECLARED_SELECTOR = YES;
				GCC_WARN_UNINITIALIZED_AUTOS = YES_AGGRESSIVE;
				GCC_WARN_UNUSED_FUNCTION = YES;
				GCC_WARN_UNUSED_VARIABLE = YES;
				IPHONEOS_DEPLOYMENT_TARGET = 14.4;
				MTL_ENABLE_DEBUG_INFO = NO;
				MTL_FAST_MATH = YES;
				SDKROOT = iphoneos;
				SWIFT_COMPILATION_MODE = wholemodule;
				SWIFT_OPTIMIZATION_LEVEL = "-O";
				VALIDATE_PRODUCT = YES;
			};
			name = Release;
		};
		768C70A725F6C26400F51C86 /* Debug */ = {
			isa = XCBuildConfiguration;
			buildSettings = {
				ASSETCATALOG_COMPILER_APPICON_NAME = AppIcon;
				ASSETCATALOG_COMPILER_GLOBAL_ACCENT_COLOR_NAME = AccentColor;
				CODE_SIGN_STYLE = Automatic;
				DEVELOPMENT_TEAM = 59XJFY72WQ;
				INFOPLIST_FILE = "EmptyDataView-Demo/Info.plist";
				LD_RUNPATH_SEARCH_PATHS = (
					"$(inherited)",
					"@executable_path/Frameworks",
				);
				PRODUCT_BUNDLE_IDENTIFIER = "com.deshpande.EmptyDataView-Demo";
				PRODUCT_NAME = "$(TARGET_NAME)";
				SWIFT_VERSION = 5.0;
				TARGETED_DEVICE_FAMILY = "1,2";
			};
			name = Debug;
		};
		768C70A825F6C26400F51C86 /* Release */ = {
			isa = XCBuildConfiguration;
			buildSettings = {
				ASSETCATALOG_COMPILER_APPICON_NAME = AppIcon;
				ASSETCATALOG_COMPILER_GLOBAL_ACCENT_COLOR_NAME = AccentColor;
				CODE_SIGN_STYLE = Automatic;
				DEVELOPMENT_TEAM = 59XJFY72WQ;
				INFOPLIST_FILE = "EmptyDataView-Demo/Info.plist";
				LD_RUNPATH_SEARCH_PATHS = (
					"$(inherited)",
					"@executable_path/Frameworks",
				);
				PRODUCT_BUNDLE_IDENTIFIER = "com.deshpande.EmptyDataView-Demo";
				PRODUCT_NAME = "$(TARGET_NAME)";
				SWIFT_VERSION = 5.0;
				TARGETED_DEVICE_FAMILY = "1,2";
			};
			name = Release;
		};
/* End XCBuildConfiguration section */

/* Begin XCConfigurationList section */
		768C708D25F6C26100F51C86 /* Build configuration list for PBXProject "EmptyDataView" */ = {
			isa = XCConfigurationList;
			buildConfigurations = (
				768C70A425F6C26400F51C86 /* Debug */,
				768C70A525F6C26400F51C86 /* Release */,
			);
			defaultConfigurationIsVisible = 0;
			defaultConfigurationName = Release;
		};
		768C70A625F6C26400F51C86 /* Build configuration list for PBXNativeTarget "EmptyDataView-Demo" */ = {
			isa = XCConfigurationList;
			buildConfigurations = (
				768C70A725F6C26400F51C86 /* Debug */,
				768C70A825F6C26400F51C86 /* Release */,
			);
			defaultConfigurationIsVisible = 0;
			defaultConfigurationName = Release;
		};
/* End XCConfigurationList section */

/* Begin XCSwiftPackageProductDependency section */
		768C70B425F6C59900F51C86 /* EmptyDataView */ = {
			isa = XCSwiftPackageProductDependency;
			productName = EmptyDataView;
		};
/* End XCSwiftPackageProductDependency section */
	};
	rootObject = 768C708A25F6C26100F51C86 /* Project object */;
}
